
Microsoft Visual Studio Solution File, Format Version 12.00
# Visual Studio Version 16
VisualStudioVersion = 16.0.31515.178
MinimumVisualStudioVersion = 10.0.40219.1
Project("{9A19103F-16F7-4668-BE54-9A1E7A4F7556}") = "SearchLib", "SearchEngine\SearchLib.csproj", "{96329C7F-5579-42A0-A83F-A25B195F55B1}"
EndProject
Project("{9A19103F-16F7-4668-BE54-9A1E7A4F7556}") = "SearchLibTest", "SearchEngineTest\SearchLibTest.csproj", "{DC90710E-7273-40C2-AFA4-95C588FDF966}"
EndProject
Global
	GlobalSection(SolutionConfigurationPlatforms) = preSolution
		Debug|Any CPU = Debug|Any CPU
		Release|Any CPU = Release|Any CPU
	EndGlobalSection
	GlobalSection(ProjectConfigurationPlatforms) = postSolution
		{96329C7F-5579-42A0-A83F-A25B195F55B1}.Debug|Any CPU.ActiveCfg = Debug|Any CPU
		{96329C7F-5579-42A0-A83F-A25B195F55B1}.Debug|Any CPU.Build.0 = Debug|Any CPU
		{96329C7F-5579-42A0-A83F-A25B195F55B1}.Release|Any CPU.ActiveCfg = Release|Any CPU
		{96329C7F-5579-42A0-A83F-A25B195F55B1}.Release|Any CPU.Build.0 = Release|Any CPU
		{DC90710E-7273-40C2-AFA4-95C588FDF966}.Debug|Any CPU.ActiveCfg = Debug|Any CPU
		{DC90710E-7273-40C2-AFA4-95C588FDF966}.Debug|Any CPU.Build.0 = Debug|Any CPU
		{DC90710E-7273-40C2-AFA4-95C588FDF966}.Release|Any CPU.ActiveCfg = Release|Any CPU
		{DC90710E-7273-40C2-AFA4-95C588FDF966}.Release|Any CPU.Build.0 = Release|Any CPU
	EndGlobalSection
	GlobalSection(SolutionProperties) = preSolution
		HideSolutionNode = FALSE
	EndGlobalSection
	GlobalSection(ExtensibilityGlobals) = postSolution
		SolutionGuid = {E9002D27-0B16-44AF-8F8C-492C9D779FC6}
	EndGlobalSection
EndGlobal
